{
  "version": "4",
  "redirects": {
    "https://esm.sh/@supabase/node-fetch@^2.6.13?target=denonext": "https://esm.sh/@supabase/node-fetch@2.6.15?target=denonext",
    "https://esm.sh/@supabase/node-fetch@^2.6.14?target=denonext": "https://esm.sh/@supabase/node-fetch@2.6.15?target=denonext",
    "https://esm.sh/@supabase/storage-js@^2.10.4?target=denonext": "https://esm.sh/@supabase/storage-js@2.11.0?target=denonext",
    "https://esm.sh/@supabase/supabase-js@2": "https://esm.sh/@supabase/supabase-js@2.56.0",
    "https://esm.sh/@types/ws@~8.18.1/index.d.mts": "https://esm.sh/@types/ws@8.18.1/index.d.mts",
    "https://esm.sh/bufferutil@^4.0.1?target=denonext": "https://esm.sh/bufferutil@4.0.9?target=denonext",
    "https://esm.sh/node-gyp-build@^4.3.0?target=denonext": "https://esm.sh/node-gyp-build@4.8.4?target=denonext",
    "https://esm.sh/tr46@~0.0.3?target=denonext": "https://esm.sh/tr46@0.0.3?target=denonext",
    "https://esm.sh/utf-8-validate@%3E=5.0.2?target=denonext": "https://esm.sh/utf-8-validate@6.0.5?target=denonext",
    "https://esm.sh/webidl-conversions@^3.0.0?target=denonext": "https://esm.sh/webidl-conversions@3.0.1?target=denonext",
    "https://esm.sh/whatwg-url@^5.0.0?target=denonext": "https://esm.sh/whatwg-url@5.0.0?target=denonext",
    "https://esm.sh/ws@^8.14.2?target=denonext": "https://esm.sh/ws@8.18.3?target=denonext",
    "https://esm.sh/ws@^8.18.0?target=denonext": "https://esm.sh/ws@8.18.3?target=denonext"
  },
  "remote": {
    "https://deno.land/std@0.168.0/async/abortable.ts": "80b2ac399f142cc528f95a037a7d0e653296352d95c681e284533765961de409",
    "https://deno.land/std@0.168.0/async/deadline.ts": "2c2deb53c7c28ca1dda7a3ad81e70508b1ebc25db52559de6b8636c9278fd41f",
    "https://deno.land/std@0.168.0/async/debounce.ts": "60301ffb37e730cd2d6f9dadfd0ecb2a38857681bd7aaf6b0a106b06e5210a98",
    "https://deno.land/std@0.168.0/async/deferred.ts": "77d3f84255c3627f1cc88699d8472b664d7635990d5358c4351623e098e917d6",
    "https://deno.land/std@0.168.0/async/delay.ts": "5a9bfba8de38840308a7a33786a0155a7f6c1f7a859558ddcec5fe06e16daf57",
    "https://deno.land/std@0.168.0/async/mod.ts": "7809ad4bb223e40f5fdc043e5c7ca04e0e25eed35c32c3c32e28697c553fa6d9",
    "https://deno.land/std@0.168.0/async/mux_async_iterator.ts": "770a0ff26c59f8bbbda6b703a2235f04e379f73238e8d66a087edc68c2a2c35f",
    "https://deno.land/std@0.168.0/async/pool.ts": "6854d8cd675a74c73391c82005cbbe4cc58183bddcd1fbbd7c2bcda42b61cf69",
    "https://deno.land/std@0.168.0/async/retry.ts": "e8e5173623915bbc0ddc537698fa418cf875456c347eda1ed453528645b42e67",
    "https://deno.land/std@0.168.0/async/tee.ts": "3a47cc4e9a940904fd4341f0224907e199121c80b831faa5ec2b054c6d2eff5e",
    "https://deno.land/std@0.168.0/http/server.ts": "e99c1bee8a3f6571ee4cdeb2966efad465b8f6fe62bec1bdb59c1f007cc4d155",
    "https://deno.land/std@0.221.0/encoding/_util.ts": "beacef316c1255da9bc8e95afb1fa56ed69baef919c88dc06ae6cb7a6103d376",
    "https://deno.land/std@0.221.0/encoding/base64.ts": "8ccae67a1227b875340a8582ff707f37b131df435b07080d3bb58e07f5f97807",
    "https://deno.land/std@0.221.0/encoding/base64url.ts": "9cc46cf510436be63ac00ebf97a7de1993e603ca58e1853b344bf90d80ea9945",
    "https://deno.land/std@0.224.0/assert/_constants.ts": "a271e8ef5a573f1df8e822a6eb9d09df064ad66a4390f21b3e31f820a38e0975",
    "https://deno.land/std@0.224.0/assert/assert.ts": "09d30564c09de846855b7b071e62b5974b001bb72a4b797958fe0660e7849834",
    "https://deno.land/std@0.224.0/assert/assert_almost_equals.ts": "9e416114322012c9a21fa68e187637ce2d7df25bcbdbfd957cd639e65d3cf293",
    "https://deno.land/std@0.224.0/assert/assert_array_includes.ts": "14c5094471bc8e4a7895fc6aa5a184300d8a1879606574cb1cd715ef36a4a3c7",
    "https://deno.land/std@0.224.0/assert/assert_equals.ts": "3bbca947d85b9d374a108687b1a8ba3785a7850436b5a8930d81f34a32cb8c74",
    "https://deno.land/std@0.224.0/assert/assert_exists.ts": "43420cf7f956748ae6ed1230646567b3593cb7a36c5a5327269279c870c5ddfd",
    "https://deno.land/std@0.224.0/assert/assert_false.ts": "3e9be8e33275db00d952e9acb0cd29481a44fa0a4af6d37239ff58d79e8edeff",
    "https://deno.land/std@0.224.0/assert/assert_greater.ts": "5e57b201fd51b64ced36c828e3dfd773412c1a6120c1a5a99066c9b261974e46",
    "https://deno.land/std@0.224.0/assert/assert_greater_or_equal.ts": "9870030f997a08361b6f63400273c2fb1856f5db86c0c3852aab2a002e425c5b",
    "https://deno.land/std@0.224.0/assert/assert_instance_of.ts": "e22343c1fdcacfaea8f37784ad782683ec1cf599ae9b1b618954e9c22f376f2c",
    "https://deno.land/std@0.224.0/assert/assert_is_error.ts": "f856b3bc978a7aa6a601f3fec6603491ab6255118afa6baa84b04426dd3cc491",
    "https://deno.land/std@0.224.0/assert/assert_less.ts": "60b61e13a1982865a72726a5fa86c24fad7eb27c3c08b13883fb68882b307f68",
    "https://deno.land/std@0.224.0/assert/assert_less_or_equal.ts": "d2c84e17faba4afe085e6c9123a63395accf4f9e00150db899c46e67420e0ec3",
    "https://deno.land/std@0.224.0/assert/assert_match.ts": "ace1710dd3b2811c391946954234b5da910c5665aed817943d086d4d4871a8b7",
    "https://deno.land/std@0.224.0/assert/assert_not_equals.ts": "78d45dd46133d76ce624b2c6c09392f6110f0df9b73f911d20208a68dee2ef29",
    "https://deno.land/std@0.224.0/assert/assert_not_instance_of.ts": "3434a669b4d20cdcc5359779301a0588f941ffdc2ad68803c31eabdb4890cf7a",
    "https://deno.land/std@0.224.0/assert/assert_not_match.ts": "df30417240aa2d35b1ea44df7e541991348a063d9ee823430e0b58079a72242a",
    "https://deno.land/std@0.224.0/assert/assert_not_strict_equals.ts": "37f73880bd672709373d6dc2c5f148691119bed161f3020fff3548a0496f71b8",
    "https://deno.land/std@0.224.0/assert/assert_object_match.ts": "411450fd194fdaabc0089ae68f916b545a49d7b7e6d0026e84a54c9e7eed2693",
    "https://deno.land/std@0.224.0/assert/assert_rejects.ts": "4bee1d6d565a5b623146a14668da8f9eb1f026a4f338bbf92b37e43e0aa53c31",
    "https://deno.land/std@0.224.0/assert/assert_strict_equals.ts": "b4f45f0fd2e54d9029171876bd0b42dd9ed0efd8f853ab92a3f50127acfa54f5",
    "https://deno.land/std@0.224.0/assert/assert_string_includes.ts": "496b9ecad84deab72c8718735373feb6cdaa071eb91a98206f6f3cb4285e71b8",
    "https://deno.land/std@0.224.0/assert/assert_throws.ts": "c6508b2879d465898dab2798009299867e67c570d7d34c90a2d235e4553906eb",
    "https://deno.land/std@0.224.0/assert/assertion_error.ts": "ba8752bd27ebc51f723702fac2f54d3e94447598f54264a6653d6413738a8917",
    "https://deno.land/std@0.224.0/assert/equal.ts": "bddf07bb5fc718e10bb72d5dc2c36c1ce5a8bdd3b647069b6319e07af181ac47",
    "https://deno.land/std@0.224.0/assert/fail.ts": "0eba674ffb47dff083f02ced76d5130460bff1a9a68c6514ebe0cdea4abadb68",
    "https://deno.land/std@0.224.0/assert/mod.ts": "48b8cb8a619ea0b7958ad7ee9376500fe902284bb36f0e32c598c3dc34cbd6f3",
    "https://deno.land/std@0.224.0/assert/unimplemented.ts": "8c55a5793e9147b4f1ef68cd66496b7d5ba7a9e7ca30c6da070c1a58da723d73",
    "https://deno.land/std@0.224.0/assert/unreachable.ts": "5ae3dbf63ef988615b93eb08d395dda771c96546565f9e521ed86f6510c29e19",
    "https://deno.land/std@0.224.0/fmt/colors.ts": "508563c0659dd7198ba4bbf87e97f654af3c34eb56ba790260f252ad8012e1c5",
    "https://deno.land/std@0.224.0/internal/diff.ts": "6234a4b493ebe65dc67a18a0eb97ef683626a1166a1906232ce186ae9f65f4e6",
    "https://deno.land/std@0.224.0/internal/format.ts": "0a98ee226fd3d43450245b1844b47003419d34d210fa989900861c79820d21c2",
    "https://deno.land/std@0.224.0/internal/mod.ts": "534125398c8e7426183e12dc255bb635d94e06d0f93c60a297723abe69d3b22e",
    "https://deno.land/std@0.224.0/testing/mock.ts": "a963181c2860b6ba3eb60e08b62c164d33cf5da7cd445893499b2efda20074db",
    "https://deno.land/x/djwt@v3.0.2/algorithm.ts": "b1c6645f9dbd6e6c47c123a3b18c28b956f91c65ed17f5b6d5d968fc3750542b",
    "https://deno.land/x/djwt@v3.0.2/deps.ts": "a7954fe567f2097b4f6aca11d091b6df658e485a817ac4dee47257ed5c28fd6e",
    "https://deno.land/x/djwt@v3.0.2/mod.ts": "962d8f2c4d6a4db111f45d777b152356aec31ba7db0ca664601175a422629857",
    "https://deno.land/x/djwt@v3.0.2/signature.ts": "16238fbf558267c85dd6c0178045f006c8b914a7301db87149f3318326569272",
    "https://deno.land/x/djwt@v3.0.2/util.ts": "5cb264d2125c553678e11446bcfa0494025d120e3f59d0a3ab38f6800def697d",
    "https://esm.sh/@supabase/auth-js@2.64.2/denonext/auth-js.mjs": "ae42eb4c7ac9fe6bfcd0e5c242f353877cf148759d1502ee653f21b2028be5e1",
    "https://esm.sh/@supabase/auth-js@2.64.4/denonext/auth-js.mjs": "a72d41796602ae950f8b7b980a629ccb4ac45376f0e510503c7a5e16019f4362",
    "https://esm.sh/@supabase/auth-js@2.71.1/denonext/auth-js.mjs": "d55f67342e652b8bdce35b0ff13ad5cc294b7e96dbd68f859b464b07c6864967",
    "https://esm.sh/@supabase/functions-js@2.4.1/denonext/functions-js.mjs": "0dfa81270bba8ae5af371b273a564203b4625b3a18e70774235b0b46ef40d940",
    "https://esm.sh/@supabase/functions-js@2.4.5/denonext/functions-js.mjs": "acfcb4db90c292c335a9dbb5664485f5e0b680533d68e6942abb9387ec7e0d0b",
    "https://esm.sh/@supabase/node-fetch@2.6.15/denonext/node-fetch.mjs": "0bae9052231f4f6dbccc7234d05ea96923dbf967be12f402764580b6bf9f713d",
    "https://esm.sh/@supabase/node-fetch@2.6.15?target=denonext": "4d28c4ad97328403184353f68434f2b6973971507919e9150297413664919cf3",
    "https://esm.sh/@supabase/postgrest-js@1.15.7/denonext/postgrest-js.mjs": "d66b9c59f30e1229f1ea81e89aff92f1452edc0f2e02f80c4ee5fa143e221b0f",
    "https://esm.sh/@supabase/postgrest-js@1.15.8/denonext/postgrest-js.mjs": "e38ab1fbd1d7ed325e3ddc20c72001d3653151c3d3be3455d682b141321a345d",
    "https://esm.sh/@supabase/postgrest-js@1.21.3/denonext/postgrest-js.mjs": "a9567fcd2c62b498d01514aebf82beb11acdd8242833d081bdc61d1f0227f9ef",
    "https://esm.sh/@supabase/realtime-js@2.10.2/denonext/realtime-js.mjs": "3a5a350e881736135ec1bd8c4361c96edeb647d3c56be7cf3a68eddfaf3ce242",
    "https://esm.sh/@supabase/realtime-js@2.15.1/denonext/realtime-js.mjs": "c297565cc5ba09d2732a3fc94a59e06426bd98cc1f836743787e2012a094f0a1",
    "https://esm.sh/@supabase/storage-js@2.11.0/denonext/storage-js.mjs": "86f098636aef56302e6a7389b8eba859874180b0857661be196c3cce387b6461",
    "https://esm.sh/@supabase/storage-js@2.11.0?target=denonext": "d7e8b6651554f79445c88d1beaa8c5e2fcb960a6f67449e4903f532ea3301539",
    "https://esm.sh/@supabase/storage-js@2.6.0/denonext/storage-js.mjs": "d3f8b6f5f538cd0d8f88ed0248c3b5dc845d9ca41500589e19fbfc734c8952de",
    "https://esm.sh/@supabase/supabase-js@2.44.2": "1f8001446d6a1e4547252547b94b7f418403ce66da72fc08ba537503720a6078",
    "https://esm.sh/@supabase/supabase-js@2.44.2/denonext/supabase-js.mjs": "212ebfa278f63a1815f9332e3c5b9358649af96d1cea14d1bc51d8da7374fc68",
    "https://esm.sh/@supabase/supabase-js@2.44.4": "a96a02bafe801ff76e2e90464d11dae7c1b53bf7be1b8d573d1ba8d817e99a24",
    "https://esm.sh/@supabase/supabase-js@2.44.4/denonext/supabase-js.mjs": "c25cc0a2127c5bf3475c6b851c8697cf8dcd3e198a3cd0f016261a744434c1f1",
    "https://esm.sh/@supabase/supabase-js@2.56.0": "50baccccd32442c4f244dfd29278f5f9b054ef3fb5c98e9afe2242d732355757",
    "https://esm.sh/@supabase/supabase-js@2.56.0/denonext/supabase-js.mjs": "954916e048e2777d17106c9d9f3c4a1aeb7fe19fbdcf5683ee77f1aac2515fe5",
    "https://esm.sh/assemblyai@4.15.0": "22127853f442705a5353852c3790f686981beb34485c63c48116804e68e6b945",
    "https://esm.sh/assemblyai@4.15.0/denonext/assemblyai.mjs": "125c4609d05f586a75012d2c6090d1ada88a18a893be3b018243a7a90bbc5445",
    "https://esm.sh/bufferutil@4.0.9/denonext/bufferutil.mjs": "13dca4d5bb2c68cbe119f880fa3bd785b9a81a8e02e0834dae604b4b85295cd8",
    "https://esm.sh/bufferutil@4.0.9?target=denonext": "e32574569ab438facfcc3f412c659b0719bbf05477136ca176938c9a3ac45125",
    "https://esm.sh/jose@4.15.1": "18ea98e26c37dc0fa4e99ec224c1f5c0acbb360402d4e06a63a4a4c44e0f510b",
    "https://esm.sh/jose@4.15.1/denonext/jose.mjs": "519ec706f35427c72b8207d6db8a6f08530426aa1180ff66eecbca86467ad0d8",
    "https://esm.sh/node-gyp-build@4.8.4/denonext/node-gyp-build.mjs": "9a86f2d044fc77bd60aaa3d697c2ba1b818da5fb1b9aaeedec59a40b8e908803",
    "https://esm.sh/node-gyp-build@4.8.4?target=denonext": "261a6cedf1fdbf159798141ba1e2311ac1510682c5c8b55dacc8cf5fdee4aa06",
    "https://esm.sh/tr46@0.0.3/denonext/tr46.mjs": "5753ec0a99414f4055f0c1f97691100f13d88e48a8443b00aebb90a512785fa2",
    "https://esm.sh/tr46@0.0.3?target=denonext": "19cb9be0f0d418a0c3abb81f2df31f080e9540a04e43b0f699bce1149cba0cbb",
    "https://esm.sh/utf-8-validate@6.0.5/denonext/utf-8-validate.mjs": "66b8ea532a0c745068f5b96ddb1bae332c3036703243541d2e89e66331974d98",
    "https://esm.sh/utf-8-validate@6.0.5?target=denonext": "071bc33ba1a58297e23a34d69dd589fd06df04b0f373b382ff5da544a623f271",
    "https://esm.sh/webidl-conversions@3.0.1/denonext/webidl-conversions.mjs": "54b5c2d50a294853c4ccebf9d5ed8988c94f4e24e463d84ec859a866ea5fafec",
    "https://esm.sh/webidl-conversions@3.0.1?target=denonext": "4e20318d50528084616c79d7b3f6e7f0fe7b6d09013bd01b3974d7448d767e29",
    "https://esm.sh/whatwg-url@5.0.0/denonext/whatwg-url.mjs": "29b16d74ee72624c915745bbd25b617cfd2248c6af0f5120d131e232a9a9af79",
    "https://esm.sh/whatwg-url@5.0.0?target=denonext": "f001a2cadf81312d214ca330033f474e74d81a003e21e8c5d70a1f46dc97b02d",
    "https://esm.sh/ws@8.18.3/denonext/ws.mjs": "063ab2c92e0908d060e4de414b74e941fbd1b3ccedfce35cc965703a8a3f86c1",
    "https://esm.sh/ws@8.18.3?target=denonext": "a5ca9d7990fc419fd8b8d06d0855bb64688769e6bb887ba07d36c13172f882b5"
  },
  "workspace": {
    "packageJson": {
      "dependencies": [
        "npm:@eslint/js@^9.25.0",
        "npm:@hookform/resolvers@^5.0.1",
        "npm:@playwright/test@^1.54.2",
        "npm:@radix-ui/react-accordion@^1.2.10",
        "npm:@radix-ui/react-alert-dialog@^1.1.13",
        "npm:@radix-ui/react-aspect-ratio@^1.1.6",
        "npm:@radix-ui/react-avatar@^1.1.9",
        "npm:@radix-ui/react-checkbox@^1.3.1",
        "npm:@radix-ui/react-collapsible@^1.1.10",
        "npm:@radix-ui/react-context-menu@^2.2.14",
        "npm:@radix-ui/react-dialog@^1.1.13",
        "npm:@radix-ui/react-dropdown-menu@^2.1.14",
        "npm:@radix-ui/react-hover-card@^1.1.13",
        "npm:@radix-ui/react-label@^2.1.6",
        "npm:@radix-ui/react-menubar@^1.1.14",
        "npm:@radix-ui/react-navigation-menu@^1.2.12",
        "npm:@radix-ui/react-popover@^1.1.13",
        "npm:@radix-ui/react-progress@^1.1.6",
        "npm:@radix-ui/react-radio-group@^1.3.6",
        "npm:@radix-ui/react-scroll-area@^1.2.8",
        "npm:@radix-ui/react-select@^2.2.4",
        "npm:@radix-ui/react-separator@^1.1.6",
        "npm:@radix-ui/react-slider@^1.3.4",
        "npm:@radix-ui/react-slot@^1.2.2",
        "npm:@radix-ui/react-switch@^1.2.4",
        "npm:@radix-ui/react-tabs@^1.1.11",
        "npm:@radix-ui/react-toggle-group@^1.1.9",
        "npm:@radix-ui/react-toggle@^1.1.8",
        "npm:@radix-ui/react-tooltip@^1.2.6",
        "npm:@sentry/browser@^10.5.0",
        "npm:@sentry/react@^10.5.0",
        "npm:@stripe/react-stripe-js@^2.7.3",
        "npm:@stripe/stripe-js@^4.1.0",
        "npm:@supabase/supabase-js@^2.54.0",
        "npm:@tailwindcss/vite@^4.1.7",
        "npm:@testing-library/dom@^10.4.1",
        "npm:@testing-library/jest-dom@^6.8.0",
        "npm:@testing-library/react@^16.3.0",
        "npm:@testing-library/user-event@^14.6.1",
        "npm:@types/react-dom@^19.1.2",
        "npm:@types/react@^19.1.2",
        "npm:@vitejs/plugin-react@^4.4.1",
        "npm:@vitest/coverage-v8@^3.2.4",
        "npm:@vitest/eslint-plugin@^1.3.4",
        "npm:@vitest/ui@^3.2.4",
        "npm:@xenova/transformers@^2.17.2",
        "npm:assemblyai@^4.15.0",
        "npm:autoprefixer@^10.4.21",
        "npm:class-variance-authority@~0.7.1",
        "npm:clsx@^2.1.1",
        "npm:cmdk@^1.1.1",
        "npm:date-fns@^3.6.0",
        "npm:deno-bin@^2.2.7",
        "npm:embla-carousel-react@^8.6.0",
        "npm:eslint-plugin-react-hooks@^5.2.0",
        "npm:eslint-plugin-react-refresh@~0.4.19",
        "npm:eslint@^9.25.0",
        "npm:framer-motion@^12.15.0",
        "npm:globals@16",
        "npm:happy-dom@^18.0.1",
        "npm:input-otp@^1.4.2",
        "npm:jsdom@^26.1.0",
        "npm:jspdf-autotable@^5.0.2",
        "npm:jspdf@^3.0.1",
        "npm:knip@^5.63.0",
        "npm:lucide-react@0.510",
        "npm:next-themes@~0.4.6",
        "npm:postcss@^8.5.6",
        "npm:posthog-js@^1.142.1",
        "npm:react-day-picker@8.10.1",
        "npm:react-dom@^18.2.0",
        "npm:react-hook-form@^7.56.3",
        "npm:react-resizable-panels@^3.0.2",
        "npm:react-router-dom@^7.6.1",
        "npm:react@^18.2.0",
        "npm:recharts@^2.15.3",
        "npm:serve-handler@^6.1.6",
        "npm:sharp@~0.32.6",
        "npm:sonner@^2.0.3",
        "npm:tailwind-merge@^3.3.0",
        "npm:tailwindcss-animate@^1.0.7",
        "npm:tailwindcss@^4.1.7",
        "npm:text-encoding@0.7",
        "npm:tw-animate-css@^1.2.9",
        "npm:vaul@^1.1.2",
        "npm:vite@^6.3.5",
        "npm:vitest@^3.2.4",
        "npm:whatwg-fetch@^3.6.20",
        "npm:zod@^3.24.4"
      ]
    }
  }
}
